dependencies:
  espressif/cjson:
    component_hash: e788323270d90738662d66fffa910bfe1fba019bba087f01557e70c40485b469
    dependencies:
    - name: idf
      require: private
      version: '>=5.0'
    source:
      registry_url: https://components.espressif.com/
      type: service
    version: 1.7.19~2
  espressif/led_strip:
    component_hash: 28c6509a727ef74925b372ed404772aeedf11cce10b78c3f69b3c66799095e2d
    dependencies:
    - name: idf
      require: private
      version: '>=4.4'
    source:
      registry_url: https://components.espressif.com/
      type: service
    version: 2.5.5
  idf:
    source:
      type: idf
    version: 6.0.1
  joltwallet/littlefs:
    component_hash: fab83a8a57de01b05441557d78e9d10c755413a1836af4b2762b539add0c14b1
    dependencies:
    - name: idf
      require: private
      version: '>=5.0'
    source:
      registry_url: https://components.espressif.com/
      type: service
    version: 1.22.2
  wolfssl/wolfssh:
    component_hash: 24d623360c07374a90b1ade8d1218b24bb7b661fd51ace9135dccf510a338927
    dependencies: []
    source:
      registry_url: https://components.espressif.com/
      type: service
    version: 1.4.20
  wolfssl/wolfssl:
    component_hash: 4d619e882c19d967bbaa53302e3bd2bdb8c611b5efb13302171aace809fccfdf
    dependencies: []
    source:
      registry_url: https://components.espressif.com/
      type: service
    version: 5.8.2~1
direct_dependencies:
- espressif/cjson
- espressif/led_strip
- joltwallet/littlefs
- wolfssl/wolfssh
- wolfssl/wolfssl
manifest_hash: ed68fed2e2754dd99b4b5f9fd5af90417f55d899617691df4af9718d940aa683
target: esp32s3
version: 2.0.0
